
Microsoft Visual Studio Solution File, Format Version 12.00
# Visual Studio Version 17
VisualStudioVersion = 17.14.36221.1 d17.14
MinimumVisualStudioVersion = 10.0.40219.1
Project("{FAE04EC0-301F-11D3-BF4B-00C04F79EFBC}") = "triagemPacientes", "triagemPacientes.csproj", "{50868532-7059-4B19-AD5F-2809358EA87A}"
EndProject
Global
	GlobalSection(SolutionConfigurationPlatforms) = preSolution
		Debug|Any CPU = Debug|Any CPU
		Release|Any CPU = Release|Any CPU
	EndGlobalSection
	GlobalSection(ProjectConfigurationPlatforms) = postSolution
		{50868532-7059-4B19-AD5F-2809358EA87A}.Debug|Any CPU.ActiveCfg = Debug|Any CPU
		{50868532-7059-4B19-AD5F-2809358EA87A}.Debug|Any CPU.Build.0 = Debug|Any CPU
		{50868532-7059-4B19-AD5F-2809358EA87A}.Release|Any CPU.ActiveCfg = Release|Any CPU
		{50868532-7059-4B19-AD5F-2809358EA87A}.Release|Any CPU.Build.0 = Release|Any CPU
	EndGlobalSection
	GlobalSection(SolutionProperties) = preSolution
		HideSolutionNode = FALSE
	EndGlobalSection
	GlobalSection(ExtensibilityGlobals) = postSolution
		SolutionGuid = {C6AA27C8-9D04-4354-AF3F-8B76044579FF}
	EndGlobalSection
EndGlobal
